
Microsoft Visual Studio Solution File, Format Version 12.00
# Visual Studio Version 16
VisualStudioVersion = 16.0.30011.22
MinimumVisualStudioVersion = 10.0.40219.1
Project("{2150E333-8FDC-42A3-9474-1A3956D46DE8}") = "5.PMS.WebUI", "5.PMS.WebUI", "{D0A76B50-840F-461B-AD31-E6E09FEF5DC0}"
EndProject
Project("{2150E333-8FDC-42A3-9474-1A3956D46DE8}") = "3.PMS.DAL", "3.PMS.DAL", "{9F8072E5-ED3E-40D7-9517-62941D4E7324}"
EndProject
Project("{2150E333-8FDC-42A3-9474-1A3956D46DE8}") = "2.PMS.BLL", "2.PMS.BLL", "{7F4A898B-64CD-4D29-937A-9438A6E86622}"
EndProject
Project("{2150E333-8FDC-42A3-9474-1A3956D46DE8}") = "4.PMS.Entity", "4.PMS.Entity", "{3448704B-1D68-400F-B9D8-6801162287AA}"
EndProject
Project("{2150E333-8FDC-42A3-9474-1A3956D46DE8}") = "1.PMS.Common", "1.PMS.Common", "{8A3F1555-0B7B-4821-BEC5-81FF39FD4A8F}"
EndProject
Project("{FAE04EC0-301F-11D3-BF4B-00C04F79EFBC}") = "PermissionCommon", "PermissionCommon\PermissionCommon.csproj", "{93E0B8A7-39AC-4FA0-AFCB-A7A58C68C629}"
EndProject
Project("{FAE04EC0-301F-11D3-BF4B-00C04F79EFBC}") = "PermissionBLL", "PermissionBLL\PermissionBLL.csproj", "{1993412D-81AE-410C-AAF1-081B202EBFF6}"
EndProject
Project("{FAE04EC0-301F-11D3-BF4B-00C04F79EFBC}") = "PermissionDAL", "PermissionDAL\PermissionDAL.csproj", "{2909E2A2-4643-4CF3-BB7B-AD43DEEE0427}"
EndProject
Project("{FAE04EC0-301F-11D3-BF4B-00C04F79EFBC}") = "PermissionEntity", "PermissionEntity\PermissionEntity.csproj", "{938227FB-0468-4834-80F4-68CECAF76733}"
EndProject
Project("{FAE04EC0-301F-11D3-BF4B-00C04F79EFBC}") = "PermissionWeb", "PermissionWeb\PermissionWeb.csproj", "{C23035AD-1EB9-4A2D-A767-CA476ADA108E}"
EndProject
Project("{FAE04EC0-301F-11D3-BF4B-00C04F79EFBC}") = "PermissionDALFactory", "PermissionDALFactory\PermissionDALFactory.csproj", "{DEF19DD1-4F98-4F76-B4CB-0DF2F3FCD9D1}"
EndProject
Project("{FAE04EC0-301F-11D3-BF4B-00C04F79EFBC}") = "PermissionDALInterface", "PermissionDALInterface\PermissionDALInterface.csproj", "{B455D70E-5FC8-447D-95BF-D942B540CADC}"
EndProject
Global
	GlobalSection(SolutionConfigurationPlatforms) = preSolution
		Debug|Any CPU = Debug|Any CPU
		Release|Any CPU = Release|Any CPU
	EndGlobalSection
	GlobalSection(ProjectConfigurationPlatforms) = postSolution
		{93E0B8A7-39AC-4FA0-AFCB-A7A58C68C629}.Debug|Any CPU.ActiveCfg = Debug|Any CPU
		{93E0B8A7-39AC-4FA0-AFCB-A7A58C68C629}.Debug|Any CPU.Build.0 = Debug|Any CPU
		{93E0B8A7-39AC-4FA0-AFCB-A7A58C68C629}.Release|Any CPU.ActiveCfg = Release|Any CPU
		{93E0B8A7-39AC-4FA0-AFCB-A7A58C68C629}.Release|Any CPU.Build.0 = Release|Any CPU
		{1993412D-81AE-410C-AAF1-081B202EBFF6}.Debug|Any CPU.ActiveCfg = Debug|Any CPU
		{1993412D-81AE-410C-AAF1-081B202EBFF6}.Debug|Any CPU.Build.0 = Debug|Any CPU
		{1993412D-81AE-410C-AAF1-081B202EBFF6}.Release|Any CPU.ActiveCfg = Release|Any CPU
		{1993412D-81AE-410C-AAF1-081B202EBFF6}.Release|Any CPU.Build.0 = Release|Any CPU
		{2909E2A2-4643-4CF3-BB7B-AD43DEEE0427}.Debug|Any CPU.ActiveCfg = Debug|Any CPU
		{2909E2A2-4643-4CF3-BB7B-AD43DEEE0427}.Debug|Any CPU.Build.0 = Debug|Any CPU
		{2909E2A2-4643-4CF3-BB7B-AD43DEEE0427}.Release|Any CPU.ActiveCfg = Release|Any CPU
		{2909E2A2-4643-4CF3-BB7B-AD43DEEE0427}.Release|Any CPU.Build.0 = Release|Any CPU
		{938227FB-0468-4834-80F4-68CECAF76733}.Debug|Any CPU.ActiveCfg = Debug|Any CPU
		{938227FB-0468-4834-80F4-68CECAF76733}.Debug|Any CPU.Build.0 = Debug|Any CPU
		{938227FB-0468-4834-80F4-68CECAF76733}.Release|Any CPU.ActiveCfg = Release|Any CPU
		{938227FB-0468-4834-80F4-68CECAF76733}.Release|Any CPU.Build.0 = Release|Any CPU
		{C23035AD-1EB9-4A2D-A767-CA476ADA108E}.Debug|Any CPU.ActiveCfg = Debug|Any CPU
		{C23035AD-1EB9-4A2D-A767-CA476ADA108E}.Debug|Any CPU.Build.0 = Debug|Any CPU
		{C23035AD-1EB9-4A2D-A767-CA476ADA108E}.Release|Any CPU.ActiveCfg = Release|Any CPU
		{C23035AD-1EB9-4A2D-A767-CA476ADA108E}.Release|Any CPU.Build.0 = Release|Any CPU
		{DEF19DD1-4F98-4F76-B4CB-0DF2F3FCD9D1}.Debug|Any CPU.ActiveCfg = Debug|Any CPU
		{DEF19DD1-4F98-4F76-B4CB-0DF2F3FCD9D1}.Debug|Any CPU.Build.0 = Debug|Any CPU
		{DEF19DD1-4F98-4F76-B4CB-0DF2F3FCD9D1}.Release|Any CPU.ActiveCfg = Release|Any CPU
		{DEF19DD1-4F98-4F76-B4CB-0DF2F3FCD9D1}.Release|Any CPU.Build.0 = Release|Any CPU
		{B455D70E-5FC8-447D-95BF-D942B540CADC}.Debug|Any CPU.ActiveCfg = Debug|Any CPU
		{B455D70E-5FC8-447D-95BF-D942B540CADC}.Debug|Any CPU.Build.0 = Debug|Any CPU
		{B455D70E-5FC8-447D-95BF-D942B540CADC}.Release|Any CPU.ActiveCfg = Release|Any CPU
		{B455D70E-5FC8-447D-95BF-D942B540CADC}.Release|Any CPU.Build.0 = Release|Any CPU
	EndGlobalSection
	GlobalSection(SolutionProperties) = preSolution
		HideSolutionNode = FALSE
	EndGlobalSection
	GlobalSection(NestedProjects) = preSolution
		{93E0B8A7-39AC-4FA0-AFCB-A7A58C68C629} = {8A3F1555-0B7B-4821-BEC5-81FF39FD4A8F}
		{1993412D-81AE-410C-AAF1-081B202EBFF6} = {7F4A898B-64CD-4D29-937A-9438A6E86622}
		{2909E2A2-4643-4CF3-BB7B-AD43DEEE0427} = {9F8072E5-ED3E-40D7-9517-62941D4E7324}
		{938227FB-0468-4834-80F4-68CECAF76733} = {3448704B-1D68-400F-B9D8-6801162287AA}
		{C23035AD-1EB9-4A2D-A767-CA476ADA108E} = {D0A76B50-840F-461B-AD31-E6E09FEF5DC0}
		{DEF19DD1-4F98-4F76-B4CB-0DF2F3FCD9D1} = {9F8072E5-ED3E-40D7-9517-62941D4E7324}
		{B455D70E-5FC8-447D-95BF-D942B540CADC} = {9F8072E5-ED3E-40D7-9517-62941D4E7324}
	EndGlobalSection
	GlobalSection(ExtensibilityGlobals) = postSolution
		SolutionGuid = {0E75BA9F-35B7-4986-BFA5-9667DBED8262}
	EndGlobalSection
EndGlobal
